
Microsoft Visual Studio Solution File, Format Version 12.00
# Visual Studio Version 17
VisualStudioVersion = 17.5.002.0
MinimumVisualStudioVersion = 10.0.40219.1
Project("{9A19103F-16F7-4668-BE54-9A1E7A4F7556}") = "JumpDiveClock", "JumpDiveClock.csproj", "{BC7E3178-AD3A-4779-9C68-71139BD75742}"
EndProject
Global
	GlobalSection(SolutionConfigurationPlatforms) = preSolution
		Debug|Any CPU = Debug|Any CPU
		Release|Any CPU = Release|Any CPU
	EndGlobalSection
	GlobalSection(ProjectConfigurationPlatforms) = postSolution
		{BC7E3178-AD3A-4779-9C68-71139BD75742}.Debug|Any CPU.ActiveCfg = Debug|Any CPU
		{BC7E3178-AD3A-4779-9C68-71139BD75742}.Debug|Any CPU.Build.0 = Debug|Any CPU
		{BC7E3178-AD3A-4779-9C68-71139BD75742}.Release|Any CPU.ActiveCfg = Release|Any CPU
		{BC7E3178-AD3A-4779-9C68-71139BD75742}.Release|Any CPU.Build.0 = Release|Any CPU
		{D45F8ABC-E1CE-440E-89B0-6BE83B299B33}.Debug|Any CPU.ActiveCfg = Debug|Any CPU
		{D45F8ABC-E1CE-440E-89B0-6BE83B299B33}.Debug|Any CPU.Build.0 = Debug|Any CPU
		{D45F8ABC-E1CE-440E-89B0-6BE83B299B33}.Release|Any CPU.ActiveCfg = Release|Any CPU
		{D45F8ABC-E1CE-440E-89B0-6BE83B299B33}.Release|Any CPU.Build.0 = Release|Any CPU
	EndGlobalSection
	GlobalSection(SolutionProperties) = preSolution
		HideSolutionNode = FALSE
	EndGlobalSection
	GlobalSection(ExtensibilityGlobals) = postSolution
		SolutionGuid = {93543166-7B1E-4C3E-95E8-AC445AB12A1A}
	EndGlobalSection
EndGlobal
